
Microsoft Visual Studio Solution File, Format Version 12.00
# Visual Studio Version 17
VisualStudioVersion = 17.7.34221.43
MinimumVisualStudioVersion = 10.0.40219.1
Project("{9A19103F-16F7-4668-BE54-9A1E7A4F7556}") = "Day3Part1", "Day3\Day3Part1.csproj", "{1A583F51-862E-4DF5-9E5D-2EE725BE9A8C}"
EndProject
Project("{9A19103F-16F7-4668-BE54-9A1E7A4F7556}") = "Day3Part2", "Day3Part2\Day3Part2.csproj", "{BBE654B6-BEF8-410C-981A-1B5878C2BC15}"
EndProject
Global
	GlobalSection(SolutionConfigurationPlatforms) = preSolution
		Debug|Any CPU = Debug|Any CPU
		Release|Any CPU = Release|Any CPU
	EndGlobalSection
	GlobalSection(ProjectConfigurationPlatforms) = postSolution
		{1A583F51-862E-4DF5-9E5D-2EE725BE9A8C}.Debug|Any CPU.ActiveCfg = Debug|Any CPU
		{1A583F51-862E-4DF5-9E5D-2EE725BE9A8C}.Debug|Any CPU.Build.0 = Debug|Any CPU
		{1A583F51-862E-4DF5-9E5D-2EE725BE9A8C}.Release|Any CPU.ActiveCfg = Release|Any CPU
		{1A583F51-862E-4DF5-9E5D-2EE725BE9A8C}.Release|Any CPU.Build.0 = Release|Any CPU
		{BBE654B6-BEF8-410C-981A-1B5878C2BC15}.Debug|Any CPU.ActiveCfg = Debug|Any CPU
		{BBE654B6-BEF8-410C-981A-1B5878C2BC15}.Debug|Any CPU.Build.0 = Debug|Any CPU
		{BBE654B6-BEF8-410C-981A-1B5878C2BC15}.Release|Any CPU.ActiveCfg = Release|Any CPU
		{BBE654B6-BEF8-410C-981A-1B5878C2BC15}.Release|Any CPU.Build.0 = Release|Any CPU
	EndGlobalSection
	GlobalSection(SolutionProperties) = preSolution
		HideSolutionNode = FALSE
	EndGlobalSection
	GlobalSection(ExtensibilityGlobals) = postSolution
		SolutionGuid = {1A5BE1D6-5071-4E7B-BAC4-CB6E75BD50F8}
	EndGlobalSection
EndGlobal
